# This file is automatically @generated by Cargo.
# It is not intended for manual editing.
version = 3

[[package]]
name = "crossbeam-deque"
version = "0.8.5"
source = "registry+https://github.com/rust-lang/crates.io-index"
checksum = "613f8cc01fe9cf1a3eb3d7f488fd2fa8388403e97039e2f73692932e291a770d"
dependencies = [
 "crossbeam-epoch",
 "crossbeam-utils",
]

[[package]]
name = "crossbeam-epoch"
version = "0.9.18"
source = "registry+https://github.com/rust-lang/crates.io-index"
checksum = "5b82ac4a3c2ca9c3460964f020e1402edd5753411d7737aa39c3714ad1b5420e"
dependencies = [
 "crossbeam-utils",
]

[[package]]
name = "crossbeam-utils"
version = "0.8.20"
source = "registry+https://github.com/rust-lang/crates.io-index"
checksum = "22ec99545bb0ed0ea7bb9b8e1e9122ea386ff8a48c0922e43f36d45ab09e0e80"

[[package]]
name = "either"
version = "1.13.0"
source = "registry+https://github.com/rust-lang/crates.io-index"
checksum = "60b1af1c220855b6ceac025d3f6ecdd2b7c4894bfe9cd9bda4fbb4bc7c0d4cf0"

[[package]]
name = "libc"
version = "0.2.158"
source = "registry+https://github.com/rust-lang/crates.io-index"
checksum = "d8adc4bb1803a324070e64a98ae98f38934d91957a99cfb3a43dcbc01bc56439"

[[package]]
name = "mssf-com"
version = "0.0.16"
dependencies = [
 "mssf-metadata",
 "mssf-pal",
 "windows 0.58.0",
 "windows-core 0.58.0",
 "windows-targets",
]

[[package]]
name = "mssf-comtwo"
version = "0.0.16"
dependencies = [
 "mssf-metadata",
 "mssf-pal",
 "windows 0.58.0",
 "windows-core 0.58.0",
 "windows-targets",
]

[[package]]
name = "mssf-metadata"
version = "0.0.1"
source = "registry+https://github.com/rust-lang/crates.io-index"
checksum = "39323a0ee935ad85894e31a9f42f2f41f5db403b7d2312d85e77b5a99eb8552d"

[[package]]
name = "mssf-pal"
version = "0.0.16"
dependencies = [
 "libc",
 "windows 0.57.0",
]

[[package]]
name = "proc-macro2"
version = "1.0.86"
source = "registry+https://github.com/rust-lang/crates.io-index"
checksum = "5e719e8df665df0d1c8fbfd238015744736151d4445ec0836b8e628aae103b77"
dependencies = [
 "unicode-ident",
]

[[package]]
name = "quote"
version = "1.0.37"
source = "registry+https://github.com/rust-lang/crates.io-index"
checksum = "b5b9d34b8991d19d98081b46eacdd8eb58c6f2b201139f7c5f643cc155a633af"
dependencies = [
 "proc-macro2",
]

[[package]]
name = "rayon"
version = "1.10.0"
source = "registry+https://github.com/rust-lang/crates.io-index"
checksum = "b418a60154510ca1a002a752ca9714984e21e4241e804d32555251faf8b78ffa"
dependencies = [
 "either",
 "rayon-core",
]

[[package]]
name = "rayon-core"
version = "1.12.1"
source = "registry+https://github.com/rust-lang/crates.io-index"
checksum = "1465873a3dfdaa8ae7cb14b4383657caab0b3e8a0aa9ae8e04b044854c8dfce2"
dependencies = [
 "crossbeam-deque",
 "crossbeam-utils",
]

[[package]]
name = "syn"
version = "2.0.76"
source = "registry+https://github.com/rust-lang/crates.io-index"
checksum = "578e081a14e0cefc3279b0472138c513f37b41a08d5a3cca9b6e4e8ceb6cd525"
dependencies = [
 "proc-macro2",
 "quote",
 "unicode-ident",
]

[[package]]
name = "tools_api"
version = "0.0.0"
dependencies = [
 "windows-bindgen",
]

[[package]]
name = "unicode-ident"
version = "1.0.12"
source = "registry+https://github.com/rust-lang/crates.io-index"
checksum = "3354b9ac3fae1ff6755cb6db53683adb661634f67557942dea4facebec0fee4b"

[[package]]
name = "windows"
version = "0.57.0"
source = "registry+https://github.com/rust-lang/crates.io-index"
checksum = "12342cb4d8e3b046f3d80effd474a7a02447231330ef77d71daa6fbc40681143"
dependencies = [
 "windows-core 0.57.0",
 "windows-targets",
]

[[package]]
name = "windows"
version = "0.58.0"
source = "git+https://github.com/microsoft/windows-rs.git?rev=8ebef12cf50c71cf4b0054fbc4b74cc8c37bc72f#8ebef12cf50c71cf4b0054fbc4b74cc8c37bc72f"
dependencies = [
 "windows-core 0.58.0",
 "windows-targets",
]

[[package]]
name = "windows-bindgen"
version = "0.58.0"
source = "git+https://github.com/microsoft/windows-rs.git?rev=8ebef12cf50c71cf4b0054fbc4b74cc8c37bc72f#8ebef12cf50c71cf4b0054fbc4b74cc8c37bc72f"
dependencies = [
 "rayon",
]

[[package]]
name = "windows-core"
version = "0.57.0"
source = "registry+https://github.com/rust-lang/crates.io-index"
checksum = "d2ed2439a290666cd67ecce2b0ffaad89c2a56b976b736e6ece670297897832d"
dependencies = [
 "windows-implement 0.57.0",
 "windows-interface 0.57.0",
 "windows-result 0.1.2",
 "windows-targets",
]

[[package]]
name = "windows-core"
version = "0.58.0"
source = "git+https://github.com/microsoft/windows-rs.git?rev=8ebef12cf50c71cf4b0054fbc4b74cc8c37bc72f#8ebef12cf50c71cf4b0054fbc4b74cc8c37bc72f"
dependencies = [
 "windows-implement 0.58.0",
 "windows-interface 0.58.0",
 "windows-result 0.2.0",
 "windows-strings",
 "windows-targets",
]

[[package]]
name = "windows-implement"
version = "0.57.0"
source = "registry+https://github.com/rust-lang/crates.io-index"
checksum = "9107ddc059d5b6fbfbffdfa7a7fe3e22a226def0b2608f72e9d552763d3e1ad7"
dependencies = [
 "proc-macro2",
 "quote",
 "syn",
]

[[package]]
name = "windows-implement"
version = "0.58.0"
source = "git+https://github.com/microsoft/windows-rs.git?rev=8ebef12cf50c71cf4b0054fbc4b74cc8c37bc72f#8ebef12cf50c71cf4b0054fbc4b74cc8c37bc72f"
dependencies = [
 "proc-macro2",
 "quote",
 "syn",
]

[[package]]
name = "windows-interface"
version = "0.57.0"
source = "registry+https://github.com/rust-lang/crates.io-index"
checksum = "29bee4b38ea3cde66011baa44dba677c432a78593e202392d1e9070cf2a7fca7"
dependencies = [
 "proc-macro2",
 "quote",
 "syn",
]

[[package]]
name = "windows-interface"
version = "0.58.0"
source = "git+https://github.com/microsoft/windows-rs.git?rev=8ebef12cf50c71cf4b0054fbc4b74cc8c37bc72f#8ebef12cf50c71cf4b0054fbc4b74cc8c37bc72f"
dependencies = [
 "proc-macro2",
 "quote",
 "syn",
]

[[package]]
name = "windows-result"
version = "0.1.2"
source = "registry+https://github.com/rust-lang/crates.io-index"
checksum = "5e383302e8ec8515204254685643de10811af0ed97ea37210dc26fb0032647f8"
dependencies = [
 "windows-targets",
]

[[package]]
name = "windows-result"
version = "0.2.0"
source = "git+https://github.com/microsoft/windows-rs.git?rev=8ebef12cf50c71cf4b0054fbc4b74cc8c37bc72f#8ebef12cf50c71cf4b0054fbc4b74cc8c37bc72f"
dependencies = [
 "windows-targets",
]

[[package]]
name = "windows-strings"
version = "0.2.0"
source = "git+https://github.com/microsoft/windows-rs.git?rev=8ebef12cf50c71cf4b0054fbc4b74cc8c37bc72f#8ebef12cf50c71cf4b0054fbc4b74cc8c37bc72f"
dependencies = [
 "windows-targets",
]

[[package]]
name = "windows-targets"
version = "0.52.6"
source = "git+https://github.com/microsoft/windows-rs.git?rev=8ebef12cf50c71cf4b0054fbc4b74cc8c37bc72f#8ebef12cf50c71cf4b0054fbc4b74cc8c37bc72f"
dependencies = [
 "windows_aarch64_gnullvm",
 "windows_aarch64_msvc",
 "windows_i686_gnu",
 "windows_i686_gnullvm",
 "windows_i686_msvc",
 "windows_x86_64_gnu",
 "windows_x86_64_gnullvm",
 "windows_x86_64_msvc",
]

[[package]]
name = "windows_aarch64_gnullvm"
version = "0.52.6"
source = "git+https://github.com/microsoft/windows-rs.git?rev=8ebef12cf50c71cf4b0054fbc4b74cc8c37bc72f#8ebef12cf50c71cf4b0054fbc4b74cc8c37bc72f"

[[package]]
name = "windows_aarch64_msvc"
version = "0.52.6"
source = "git+https://github.com/microsoft/windows-rs.git?rev=8ebef12cf50c71cf4b0054fbc4b74cc8c37bc72f#8ebef12cf50c71cf4b0054fbc4b74cc8c37bc72f"

[[package]]
name = "windows_i686_gnu"
version = "0.52.6"
source = "git+https://github.com/microsoft/windows-rs.git?rev=8ebef12cf50c71cf4b0054fbc4b74cc8c37bc72f#8ebef12cf50c71cf4b0054fbc4b74cc8c37bc72f"

[[package]]
name = "windows_i686_gnullvm"
version = "0.52.6"
source = "git+https://github.com/microsoft/windows-rs.git?rev=8ebef12cf50c71cf4b0054fbc4b74cc8c37bc72f#8ebef12cf50c71cf4b0054fbc4b74cc8c37bc72f"

[[package]]
name = "windows_i686_msvc"
version = "0.52.6"
source = "git+https://github.com/microsoft/windows-rs.git?rev=8ebef12cf50c71cf4b0054fbc4b74cc8c37bc72f#8ebef12cf50c71cf4b0054fbc4b74cc8c37bc72f"

[[package]]
name = "windows_x86_64_gnu"
version = "0.52.6"
source = "git+https://github.com/microsoft/windows-rs.git?rev=8ebef12cf50c71cf4b0054fbc4b74cc8c37bc72f#8ebef12cf50c71cf4b0054fbc4b74cc8c37bc72f"

[[package]]
name = "windows_x86_64_gnullvm"
version = "0.52.6"
source = "git+https://github.com/microsoft/windows-rs.git?rev=8ebef12cf50c71cf4b0054fbc4b74cc8c37bc72f#8ebef12cf50c71cf4b0054fbc4b74cc8c37bc72f"

[[package]]
name = "windows_x86_64_msvc"
version = "0.52.6"
source = "git+https://github.com/microsoft/windows-rs.git?rev=8ebef12cf50c71cf4b0054fbc4b74cc8c37bc72f#8ebef12cf50c71cf4b0054fbc4b74cc8c37bc72f"
